
Microsoft Visual Studio Solution File, Format Version 12.00
# Visual Studio Version 16
VisualStudioVersion = 16.0.30717.126
MinimumVisualStudioVersion = 10.0.40219.1
Project("{FAE04EC0-301F-11D3-BF4B-00C04F79EFBC}") = "Rosreestr_XML", "Rosreestr_XML\Rosreestr_XML.csproj", "{FEC16A90-E0F8-437D-80CF-ADC5D1A7DE3A}"
EndProject
Project("{2150E333-8FDC-42A3-9474-1A3956D46DE8}") = "Interfaces", "Interfaces", "{3D31004C-49DD-4842-905B-F71B84873E45}"
EndProject
Global
	GlobalSection(SolutionConfigurationPlatforms) = preSolution
		Debug|Any CPU = Debug|Any CPU
		Release|Any CPU = Release|Any CPU
	EndGlobalSection
	GlobalSection(ProjectConfigurationPlatforms) = postSolution
		{FEC16A90-E0F8-437D-80CF-ADC5D1A7DE3A}.Debug|Any CPU.ActiveCfg = Debug|Any CPU
		{FEC16A90-E0F8-437D-80CF-ADC5D1A7DE3A}.Debug|Any CPU.Build.0 = Debug|Any CPU
		{FEC16A90-E0F8-437D-80CF-ADC5D1A7DE3A}.Release|Any CPU.ActiveCfg = Release|Any CPU
		{FEC16A90-E0F8-437D-80CF-ADC5D1A7DE3A}.Release|Any CPU.Build.0 = Release|Any CPU
	EndGlobalSection
	GlobalSection(SolutionProperties) = preSolution
		HideSolutionNode = FALSE
	EndGlobalSection
	GlobalSection(ExtensibilityGlobals) = postSolution
		SolutionGuid = {D11A4181-0BB8-49AF-A380-EC574CFC4A24}
	EndGlobalSection
EndGlobal
